// !$*UTF8*$!
{
	archiveVersion = 1;
	classes = {
	};
	objectVersion = 46;
	objects = {

/* Begin PBXBuildFile section */
		4177797C1C5A1BB8002D021D /* AppDelegate.swift in Sources */ = {isa = PBXBuildFile; fileRef = 4177797B1C5A1BB8002D021D /* AppDelegate.swift */; };
		4177797E1C5A1BB8002D021D /* ViewController.swift in Sources */ = {isa = PBXBuildFile; fileRef = 4177797D1C5A1BB8002D021D /* ViewController.swift */; };
		417779811C5A1BB8002D021D /* Main.storyboard in Resources */ = {isa = PBXBuildFile; fileRef = 4177797F1C5A1BB8002D021D /* Main.storyboard */; };
		417779831C5A1BB8002D021D /* Assets.xcassets in Resources */ = {isa = PBXBuildFile; fileRef = 417779821C5A1BB8002D021D /* Assets.xcassets */; };
		417779861C5A1BB8002D021D /* LaunchScreen.storyboard in Resources */ = {isa = PBXBuildFile; fileRef = 417779841C5A1BB8002D021D /* LaunchScreen.storyboard */; };
		417779911C5A1BB8002D021D /* JsonTestEFCTests.swift in Sources */ = {isa = PBXBuildFile; fileRef = 417779901C5A1BB8002D021D /* JsonTestEFCTests.swift */; };
		4177799C1C5A1BB8002D021D /* JsonTestEFCUITests.swift in Sources */ = {isa = PBXBuildFile; fileRef = 4177799B1C5A1BB8002D021D /* JsonTestEFCUITests.swift */; };
/* End PBXBuildFile section */

/* Begin PBXContainerItemProxy section */
		4177798D1C5A1BB8002D021D /* PBXContainerItemProxy */ = {
			isa = PBXContainerItemProxy;
			containerPortal = 417779701C5A1BB7002D021D /* Project object */;
			proxyType = 1;
			remoteGlobalIDString = 417779771C5A1BB7002D021D;
			remoteInfo = JsonTestEFC;
		};
		417779981C5A1BB8002D021D /* PBXContainerItemProxy */ = {
			isa = PBXContainerItemProxy;
			containerPortal = 417779701C5A1BB7002D021D /* Project object */;
			proxyType = 1;
			remoteGlobalIDString = 417779771C5A1BB7002D021D;
			remoteInfo = JsonTestEFC;
		};
/* End PBXContainerItemProxy section */

/* Begin PBXFileReference section */
		417779781C5A1BB8002D021D /* JsonTestEFC.app */ = {isa = PBXFileReference; explicitFileType = wrapper.application; includeInIndex = 0; path = JsonTestEFC.app; sourceTree = BUILT_PRODUCTS_DIR; };
		4177797B1C5A1BB8002D021D /* AppDelegate.swift */ = {isa = PBXFileReference; lastKnownFileType = sourcecode.swift; path = AppDelegate.swift; sourceTree = "<group>"; };
		4177797D1C5A1BB8002D021D /* ViewController.swift */ = {isa = PBXFileReference; lastKnownFileType = sourcecode.swift; path = ViewController.swift; sourceTree = "<group>"; };
		417779801C5A1BB8002D021D /* Base */ = {isa = PBXFileReference; lastKnownFileType = file.storyboard; name = Base; path = Base.lproj/Main.storyboard; sourceTree = "<group>"; };
		417779821C5A1BB8002D021D /* Assets.xcassets */ = {isa = PBXFileReference; lastKnownFileType = folder.assetcatalog; path = Assets.xcassets; sourceTree = "<group>"; };
		417779851C5A1BB8002D021D /* Base */ = {isa = PBXFileReference; lastKnownFileType = file.storyboard; name = Base; path = Base.lproj/LaunchScreen.storyboard; sourceTree = "<group>"; };
		417779871C5A1BB8002D021D /* Info.plist */ = {isa = PBXFileReference; lastKnownFileType = text.plist.xml; path = Info.plist; sourceTree = "<group>"; };
		4177798C1C5A1BB8002D021D /* JsonTestEFCTests.xctest */ = {isa = PBXFileReference; explicitFileType = wrapper.cfbundle; includeInIndex = 0; path = JsonTestEFCTests.xctest; sourceTree = BUILT_PRODUCTS_DIR; };
		417779901C5A1BB8002D021D /* JsonTestEFCTests.swift */ = {isa = PBXFileReference; lastKnownFileType = sourcecode.swift; path = JsonTestEFCTests.swift; sourceTree = "<group>"; };
		417779921C5A1BB8002D021D /* Info.plist */ = {isa = PBXFileReference; lastKnownFileType = text.plist.xml; path = Info.plist; sourceTree = "<group>"; };
		417779971C5A1BB8002D021D /* JsonTestEFCUITests.xctest */ = {isa = PBXFileReference; explicitFileType = wrapper.cfbundle; includeInIndex = 0; path = JsonTestEFCUITests.xctest; sourceTree = BUILT_PRODUCTS_DIR; };
		4177799B1C5A1BB8002D021D /* JsonTestEFCUITests.swift */ = {isa = PBXFileReference; lastKnownFileType = sourcecode.swift; path = JsonTestEFCUITests.swift; sourceTree = "<group>"; };
		4177799D1C5A1BB8002D021D /* Info.plist */ = {isa = PBXFileReference; lastKnownFileType = text.plist.xml; path = Info.plist; sourceTree = "<group>"; };
/* End PBXFileReference section */

/* Begin PBXFrameworksBuildPhase section */
		417779751C5A1BB7002D021D /* Frameworks */ = {
			isa = PBXFrameworksBuildPhase;
			buildActionMask = 2147483647;
			files = (
			);
			runOnlyForDeploymentPostprocessing = 0;
		};
		417779891C5A1BB8002D021D /* Frameworks */ = {
			isa = PBXFrameworksBuildPhase;
			buildActionMask = 2147483647;
			files = (
			);
			runOnlyForDeploymentPostprocessing = 0;
		};
		417779941C5A1BB8002D021D /* Frameworks */ = {
			isa = PBXFrameworksBuildPhase;
			buildActionMask = 2147483647;
			files = (
			);
			runOnlyForDeploymentPostprocessing = 0;
		};
/* End PBXFrameworksBuildPhase section */

/* Begin PBXGroup section */
		4177796F1C5A1BB7002D021D = {
			isa = PBXGroup;
			children = (
				4177797A1C5A1BB8002D021D /* JsonTestEFC */,
				4177798F1C5A1BB8002D021D /* JsonTestEFCTests */,
				4177799A1C5A1BB8002D021D /* JsonTestEFCUITests */,
				417779791C5A1BB8002D021D /* Products */,
			);
			sourceTree = "<group>";
		};
		417779791C5A1BB8002D021D /* Products */ = {
			isa = PBXGroup;
			children = (
				417779781C5A1BB8002D021D /* JsonTestEFC.app */,
				4177798C1C5A1BB8002D021D /* JsonTestEFCTests.xctest */,
				417779971C5A1BB8002D021D /* JsonTestEFCUITests.xctest */,
			);
			name = Products;
			sourceTree = "<group>";
		};
		4177797A1C5A1BB8002D021D /* JsonTestEFC */ = {
			isa = PBXGroup;
			children = (
				4177797B1C5A1BB8002D021D /* AppDelegate.swift */,
				4177797D1C5A1BB8002D021D /* ViewController.swift */,
				4177797F1C5A1BB8002D021D /* Main.storyboard */,
				417779821C5A1BB8002D021D /* Assets.xcassets */,
				417779841C5A1BB8002D021D /* LaunchScreen.storyboard */,
				417779871C5A1BB8002D021D /* Info.plist */,
			);
			path = JsonTestEFC;
			sourceTree = "<group>";
		};
		4177798F1C5A1BB8002D021D /* JsonTestEFCTests */ = {
			isa = PBXGroup;
			children = (
				417779901C5A1BB8002D021D /* JsonTestEFCTests.swift */,
				417779921C5A1BB8002D021D /* Info.plist */,
			);
			path = JsonTestEFCTests;
			sourceTree = "<group>";
		};
		4177799A1C5A1BB8002D021D /* JsonTestEFCUITests */ = {
			isa = PBXGroup;
			children = (
				4177799B1C5A1BB8002D021D /* JsonTestEFCUITests.swift */,
				4177799D1C5A1BB8002D021D /* Info.plist */,
			);
			path = JsonTestEFCUITests;
			sourceTree = "<group>";
		};
/* End PBXGroup section */

/* Begin PBXNativeTarget section */
		417779771C5A1BB7002D021D /* JsonTestEFC */ = {
			isa = PBXNativeTarget;
			buildConfigurationList = 417779A01C5A1BB8002D021D /* Build configuration list for PBXNativeTarget "JsonTestEFC" */;
			buildPhases = (
				417779741C5A1BB7002D021D /* Sources */,
				417779751C5A1BB7002D021D /* Frameworks */,
				417779761C5A1BB7002D021D /* Resources */,
			);
			buildRules = (
			);
			dependencies = (
			);
			name = JsonTestEFC;
			productName = JsonTestEFC;
			productReference = 417779781C5A1BB8002D021D /* JsonTestEFC.app */;
			productType = "com.apple.product-type.application";
		};
		4177798B1C5A1BB8002D021D /* JsonTestEFCTests */ = {
			isa = PBXNativeTarget;
			buildConfigurationList = 417779A31C5A1BB8002D021D /* Build configuration list for PBXNativeTarget "JsonTestEFCTests" */;
			buildPhases = (
				417779881C5A1BB8002D021D /* Sources */,
				417779891C5A1BB8002D021D /* Frameworks */,
				4177798A1C5A1BB8002D021D /* Resources */,
			);
			buildRules = (
			);
			dependencies = (
				4177798E1C5A1BB8002D021D /* PBXTargetDependency */,
			);
			name = JsonTestEFCTests;
			productName = JsonTestEFCTests;
			productReference = 4177798C1C5A1BB8002D021D /* JsonTestEFCTests.xctest */;
			productType = "com.apple.product-type.bundle.unit-test";
		};
		417779961C5A1BB8002D021D /* JsonTestEFCUITests */ = {
			isa = PBXNativeTarget;
			buildConfigurationList = 417779A61C5A1BB8002D021D /* Build configuration list for PBXNativeTarget "JsonTestEFCUITests" */;
			buildPhases = (
				417779931C5A1BB8002D021D /* Sources */,
				417779941C5A1BB8002D021D /* Frameworks */,
				417779951C5A1BB8002D021D /* Resources */,
			);
			buildRules = (
			);
			dependencies = (
				417779991C5A1BB8002D021D /* PBXTargetDependency */,
			);
			name = JsonTestEFCUITests;
			productName = JsonTestEFCUITests;
			productReference = 417779971C5A1BB8002D021D /* JsonTestEFCUITests.xctest */;
			productType = "com.apple.product-type.bundle.ui-testing";
		};
/* End PBXNativeTarget section */

/* Begin PBXProject section */
		417779701C5A1BB7002D021D /* Project object */ = {
			isa = PBXProject;
			attributes = {
				LastSwiftUpdateCheck = 0720;
				LastUpgradeCheck = 0720;
				ORGANIZATIONNAME = "eduardo fulgencio";
				TargetAttributes = {
					417779771C5A1BB7002D021D = {
						CreatedOnToolsVersion = 7.2;
					};
					4177798B1C5A1BB8002D021D = {
						CreatedOnToolsVersion = 7.2;
						TestTargetID = 417779771C5A1BB7002D021D;
					};
					417779961C5A1BB8002D021D = {
						CreatedOnToolsVersion = 7.2;
						TestTargetID = 417779771C5A1BB7002D021D;
					};
				};
			};
			buildConfigurationList = 417779731C5A1BB7002D021D /* Build configuration list for PBXProject "JsonTestEFC" */;
			compatibilityVersion = "Xcode 3.2";
			developmentRegion = English;
			hasScannedForEncodings = 0;
			knownRegions = (
				en,
				Base,
			);
			mainGroup = 4177796F1C5A1BB7002D021D;
			productRefGroup = 417779791C5A1BB8002D021D /* Products */;
			projectDirPath = "";
			projectRoot = "";
			targets = (
				417779771C5A1BB7002D021D /* JsonTestEFC */,
				4177798B1C5A1BB8002D021D /* JsonTestEFCTests */,
				417779961C5A1BB8002D021D /* JsonTestEFCUITests */,
			);
		};
/* End PBXProject section */

/* Begin PBXResourcesBuildPhase section */
		417779761C5A1BB7002D021D /* Resources */ = {
			isa = PBXResourcesBuildPhase;
			buildActionMask = 2147483647;
			files = (
				417779861C5A1BB8002D021D /* LaunchScreen.storyboard in Resources */,
				417779831C5A1BB8002D021D /* Assets.xcassets in Resources */,
				417779811C5A1BB8002D021D /* Main.storyboard in Resources */,
			);
			runOnlyForDeploymentPostprocessing = 0;
		};
		4177798A1C5A1BB8002D021D /* Resources */ = {
			isa = PBXResourcesBuildPhase;
			buildActionMask = 2147483647;
			files = (
			);
			runOnlyForDeploymentPostprocessing = 0;
		};
		417779951C5A1BB8002D021D /* Resources */ = {
			isa = PBXResourcesBuildPhase;
			buildActionMask = 2147483647;
			files = (
			);
			runOnlyForDeploymentPostprocessing = 0;
		};
/* End PBXResourcesBuildPhase section */

/* Begin PBXSourcesBuildPhase section */
		417779741C5A1BB7002D021D /* Sources */ = {
			isa = PBXSourcesBuildPhase;
			buildActionMask = 2147483647;
			files = (
				4177797E1C5A1BB8002D021D /* ViewController.swift in Sources */,
				4177797C1C5A1BB8002D021D /* AppDelegate.swift in Sources */,
			);
			runOnlyForDeploymentPostprocessing = 0;
		};
		417779881C5A1BB8002D021D /* Sources */ = {
			isa = PBXSourcesBuildPhase;
			buildActionMask = 2147483647;
			files = (
				417779911C5A1BB8002D021D /* JsonTestEFCTests.swift in Sources */,
			);
			runOnlyForDeploymentPostprocessing = 0;
		};
		417779931C5A1BB8002D021D /* Sources */ = {
			isa = PBXSourcesBuildPhase;
			buildActionMask = 2147483647;
			files = (
				4177799C1C5A1BB8002D021D /* JsonTestEFCUITests.swift in Sources */,
			);
			runOnlyForDeploymentPostprocessing = 0;
		};
/* End PBXSourcesBuildPhase section */

/* Begin PBXTargetDependency section */
		4177798E1C5A1BB8002D021D /* PBXTargetDependency */ = {
			isa = PBXTargetDependency;
			target = 417779771C5A1BB7002D021D /* JsonTestEFC */;
			targetProxy = 4177798D1C5A1BB8002D021D /* PBXContainerItemProxy */;
		};
		417779991C5A1BB8002D021D /* PBXTargetDependency */ = {
			isa = PBXTargetDependency;
			target = 417779771C5A1BB7002D021D /* JsonTestEFC */;
			targetProxy = 417779981C5A1BB8002D021D /* PBXContainerItemProxy */;
		};
/* End PBXTargetDependency section */

/* Begin PBXVariantGroup section */
		4177797F1C5A1BB8002D021D /* Main.storyboard */ = {
			isa = PBXVariantGroup;
			children = (
				417779801C5A1BB8002D021D /* Base */,
			);
			name = Main.storyboard;
			sourceTree = "<group>";
		};
		417779841C5A1BB8002D021D /* LaunchScreen.storyboard */ = {
			isa = PBXVariantGroup;
			children = (
				417779851C5A1BB8002D021D /* Base */,
			);
			name = LaunchScreen.storyboard;
			sourceTree = "<group>";
		};
/* End PBXVariantGroup section */

/* Begin XCBuildConfiguration section */
		4177799E1C5A1BB8002D021D /* Debug */ = {
			isa = XCBuildConfiguration;
			buildSettings = {
				ALWAYS_SEARCH_USER_PATHS = NO;
				CLANG_CXX_LANGUAGE_STANDARD = "gnu++0x";
				CLANG_CXX_LIBRARY = "libc++";
				CLANG_ENABLE_MODULES = YES;
				CLANG_ENABLE_OBJC_ARC = YES;
				CLANG_WARN_BOOL_CONVERSION = YES;
				CLANG_WARN_CONSTANT_CONVERSION = YES;
				CLANG_WARN_DIRECT_OBJC_ISA_USAGE = YES_ERROR;
				CLANG_WARN_EMPTY_BODY = YES;
				CLANG_WARN_ENUM_CONVERSION = YES;
				CLANG_WARN_INT_CONVERSION = YES;
				CLANG_WARN_OBJC_ROOT_CLASS = YES_ERROR;
				CLANG_WARN_UNREACHABLE_CODE = YES;
				CLANG_WARN__DUPLICATE_METHOD_MATCH = YES;
				"CODE_SIGN_IDENTITY[sdk=iphoneos*]" = "iPhone Developer";
				COPY_PHASE_STRIP = NO;
				DEBUG_INFORMATION_FORMAT = dwarf;
				ENABLE_STRICT_OBJC_MSGSEND = YES;
				ENABLE_TESTABILITY = YES;
				GCC_C_LANGUAGE_STANDARD = gnu99;
				GCC_DYNAMIC_NO_PIC = NO;
				GCC_NO_COMMON_BLOCKS = YES;
				GCC_OPTIMIZATION_LEVEL = 0;
				GCC_PREPROCESSOR_DEFINITIONS = (
					"DEBUG=1",
					"$(inherited)",
				);
				GCC_WARN_64_TO_32_BIT_CONVERSION = YES;
				GCC_WARN_ABOUT_RETURN_TYPE = YES_ERROR;
				GCC_WARN_UNDECLARED_SELECTOR = YES;
				GCC_WARN_UNINITIALIZED_AUTOS = YES_AGGRESSIVE;
				GCC_WARN_UNUSED_FUNCTION = YES;
				GCC_WARN_UNUSED_VARIABLE = YES;
				IPHONEOS_DEPLOYMENT_TARGET = 9.2;
				MTL_ENABLE_DEBUG_INFO = YES;
				ONLY_ACTIVE_ARCH = YES;
				SDKROOT = iphoneos;
				SWIFT_OPTIMIZATION_LEVEL = "-Onone";
			};
			name = Debug;
		};
		4177799F1C5A1BB8002D021D /* Release */ = {
			isa = XCBuildConfiguration;
			buildSettings = {
				ALWAYS_SEARCH_USER_PATHS = NO;
				CLANG_CXX_LANGUAGE_STANDARD = "gnu++0x";
				CLANG_CXX_LIBRARY = "libc++";
				CLANG_ENABLE_MODULES = YES;
				CLANG_ENABLE_OBJC_ARC = YES;
				CLANG_WARN_BOOL_CONVERSION = YES;
				CLANG_WARN_CONSTANT_CONVERSION = YES;
				CLANG_WARN_DIRECT_OBJC_ISA_USAGE = YES_ERROR;
				CLANG_WARN_EMPTY_BODY = YES;
				CLANG_WARN_ENUM_CONVERSION = YES;
				CLANG_WARN_INT_CONVERSION = YES;
				CLANG_WARN_OBJC_ROOT_CLASS = YES_ERROR;
				CLANG_WARN_UNREACHABLE_CODE = YES;
				CLANG_WARN__DUPLICATE_METHOD_MATCH = YES;
				"CODE_SIGN_IDENTITY[sdk=iphoneos*]" = "iPhone Developer";
				COPY_PHASE_STRIP = NO;
				DEBUG_INFORMATION_FORMAT = "dwarf-with-dsym";
				ENABLE_NS_ASSERTIONS = NO;
				ENABLE_STRICT_OBJC_MSGSEND = YES;
				GCC_C_LANGUAGE_STANDARD = gnu99;
				GCC_NO_COMMON_BLOCKS = YES;
				GCC_WARN_64_TO_32_BIT_CONVERSION = YES;
				GCC_WARN_ABOUT_RETURN_TYPE = YES_ERROR;
				GCC_WARN_UNDECLARED_SELECTOR = YES;
				GCC_WARN_UNINITIALIZED_AUTOS = YES_AGGRESSIVE;
				GCC_WARN_UNUSED_FUNCTION = YES;
				GCC_WARN_UNUSED_VARIABLE = YES;
				IPHONEOS_DEPLOYMENT_TARGET = 9.2;
				MTL_ENABLE_DEBUG_INFO = NO;
				SDKROOT = iphoneos;
				VALIDATE_PRODUCT = YES;
			};
			name = Release;
		};
		417779A11C5A1BB8002D021D /* Debug */ = {
			isa = XCBuildConfiguration;
			buildSettings = {
				ASSETCATALOG_COMPILER_APPICON_NAME = AppIcon;
				INFOPLIST_FILE = JsonTestEFC/Info.plist;
				LD_RUNPATH_SEARCH_PATHS = "$(inherited) @executable_path/Frameworks";
				PRODUCT_BUNDLE_IDENTIFIER = com.efc.JsonTestEFC;
				PRODUCT_NAME = "$(TARGET_NAME)";
			};
			name = Debug;
		};
		417779A21C5A1BB8002D021D /* Release */ = {
			isa = XCBuildConfiguration;
			buildSettings = {
				ASSETCATALOG_COMPILER_APPICON_NAME = AppIcon;
				INFOPLIST_FILE = JsonTestEFC/Info.plist;
				LD_RUNPATH_SEARCH_PATHS = "$(inherited) @executable_path/Frameworks";
				PRODUCT_BUNDLE_IDENTIFIER = com.efc.JsonTestEFC;
				PRODUCT_NAME = "$(TARGET_NAME)";
			};
			name = Release;
		};
		417779A41C5A1BB8002D021D /* Debug */ = {
			isa = XCBuildConfiguration;
			buildSettings = {
				BUNDLE_LOADER = "$(TEST_HOST)";
				INFOPLIST_FILE = JsonTestEFCTests/Info.plist;
				LD_RUNPATH_SEARCH_PATHS = "$(inherited) @executable_path/Frameworks @loader_path/Frameworks";
				PRODUCT_BUNDLE_IDENTIFIER = com.efc.JsonTestEFCTests;
				PRODUCT_NAME = "$(TARGET_NAME)";
				TEST_HOST = "$(BUILT_PRODUCTS_DIR)/JsonTestEFC.app/JsonTestEFC";
			};
			name = Debug;
		};
		417779A51C5A1BB8002D021D /* Release */ = {
			isa = XCBuildConfiguration;
			buildSettings = {
				BUNDLE_LOADER = "$(TEST_HOST)";
				INFOPLIST_FILE = JsonTestEFCTests/Info.plist;
				LD_RUNPATH_SEARCH_PATHS = "$(inherited) @executable_path/Frameworks @loader_path/Frameworks";
				PRODUCT_BUNDLE_IDENTIFIER = com.efc.JsonTestEFCTests;
				PRODUCT_NAME = "$(TARGET_NAME)";
				TEST_HOST = "$(BUILT_PRODUCTS_DIR)/JsonTestEFC.app/JsonTestEFC";
			};
			name = Release;
		};
		417779A71C5A1BB8002D021D /* Debug */ = {
			isa = XCBuildConfiguration;
			buildSettings = {
				INFOPLIST_FILE = JsonTestEFCUITests/Info.plist;
				LD_RUNPATH_SEARCH_PATHS = "$(inherited) @executable_path/Frameworks @loader_path/Frameworks";
				PRODUCT_BUNDLE_IDENTIFIER = com.efc.JsonTestEFCUITests;
				PRODUCT_NAME = "$(TARGET_NAME)";
				TEST_TARGET_NAME = JsonTestEFC;
				USES_XCTRUNNER = YES;
			};
			name = Debug;
		};
		417779A81C5A1BB8002D021D /* Release */ = {
			isa = XCBuildConfiguration;
			buildSettings = {
				INFOPLIST_FILE = JsonTestEFCUITests/Info.plist;
				LD_RUNPATH_SEARCH_PATHS = "$(inherited) @executable_path/Frameworks @loader_path/Frameworks";
				PRODUCT_BUNDLE_IDENTIFIER = com.efc.JsonTestEFCUITests;
				PRODUCT_NAME = "$(TARGET_NAME)";
				TEST_TARGET_NAME = JsonTestEFC;
				USES_XCTRUNNER = YES;
			};
			name = Release;
		};
/* End XCBuildConfiguration section */

/* Begin XCConfigurationList section */
		417779731C5A1BB7002D021D /* Build configuration list for PBXProject "JsonTestEFC" */ = {
			isa = XCConfigurationList;
			buildConfigurations = (
				4177799E1C5A1BB8002D021D /* Debug */,
				4177799F1C5A1BB8002D021D /* Release */,
			);
			defaultConfigurationIsVisible = 0;
			defaultConfigurationName = Release;
		};
		417779A01C5A1BB8002D021D /* Build configuration list for PBXNativeTarget "JsonTestEFC" */ = {
			isa = XCConfigurationList;
			buildConfigurations = (
				417779A11C5A1BB8002D021D /* Debug */,
				417779A21C5A1BB8002D021D /* Release */,
			);
			defaultConfigurationIsVisible = 0;
		};
		417779A31C5A1BB8002D021D /* Build configuration list for PBXNativeTarget "JsonTestEFCTests" */ = {
			isa = XCConfigurationList;
			buildConfigurations = (
				417779A41C5A1BB8002D021D /* Debug */,
				417779A51C5A1BB8002D021D /* Release */,
			);
			defaultConfigurationIsVisible = 0;
		};
		417779A61C5A1BB8002D021D /* Build configuration list for PBXNativeTarget "JsonTestEFCUITests" */ = {
			isa = XCConfigurationList;
			buildConfigurations = (
				417779A71C5A1BB8002D021D /* Debug */,
				417779A81C5A1BB8002D021D /* Release */,
			);
			defaultConfigurationIsVisible = 0;
		};
/* End XCConfigurationList section */
	};
	rootObject = 417779701C5A1BB7002D021D /* Project object */;
}
